
Microsoft Visual Studio Solution File, Format Version 12.00
# Visual Studio Version 17
VisualStudioVersion = 17.3.32825.248
MinimumVisualStudioVersion = 10.0.40219.1
Project("{2150E333-8FDC-42A3-9474-1A3956D46DE8}") = "Урок 15", "Урок 15", "{374A4BD8-C38B-4463-9EA1-24CDAFDCC649}"
EndProject
Project("{2150E333-8FDC-42A3-9474-1A3956D46DE8}") = "ДЗ", "ДЗ", "{2257D2EE-957F-41BD-8AC0-E8B1811DFE80}"
EndProject
Project("{2150E333-8FDC-42A3-9474-1A3956D46DE8}") = "СР", "СР", "{4A4BF8B7-39BD-4973-9C75-05A13434A101}"
EndProject
Project("{8BC9CEB8-8B4A-11D0-8D11-00A0C91BC942}") = "Task1", "Урок 15\СР\Task1\Task1.vcxproj", "{0A6A68D9-5115-4BD5-86B0-766FFF7FCB6F}"
	ProjectSection(ProjectDependencies) = postProject
		{3EBF8FFE-F675-4822-BCDA-FF4D05B95896} = {3EBF8FFE-F675-4822-BCDA-FF4D05B95896}
	EndProjectSection
EndProject
Project("{8BC9CEB8-8B4A-11D0-8D11-00A0C91BC942}") = "Task2", "Урок 15\СР\Task2\Task2.vcxproj", "{4C534709-E309-46F4-B5D1-9A9C8DE64356}"
	ProjectSection(ProjectDependencies) = postProject
		{3EBF8FFE-F675-4822-BCDA-FF4D05B95896} = {3EBF8FFE-F675-4822-BCDA-FF4D05B95896}
	EndProjectSection
EndProject
Project("{8BC9CEB8-8B4A-11D0-8D11-00A0C91BC942}") = "Task3", "Урок 15\СР\Task3\Task3.vcxproj", "{477A86D5-6B5C-4E1F-85B9-8F1EE2893B19}"
	ProjectSection(ProjectDependencies) = postProject
		{3EBF8FFE-F675-4822-BCDA-FF4D05B95896} = {3EBF8FFE-F675-4822-BCDA-FF4D05B95896}
	EndProjectSection
EndProject
Project("{8BC9CEB8-8B4A-11D0-8D11-00A0C91BC942}") = "Task4", "Урок 15\СР\Task4\Task4.vcxproj", "{8DA7C8F2-982C-4522-8743-4F216BE63B79}"
	ProjectSection(ProjectDependencies) = postProject
		{3EBF8FFE-F675-4822-BCDA-FF4D05B95896} = {3EBF8FFE-F675-4822-BCDA-FF4D05B95896}
	EndProjectSection
EndProject
Project("{2150E333-8FDC-42A3-9474-1A3956D46DE8}") = "Libraries", "Libraries", "{2F60FFE0-A9CC-433C-8805-54E7D32F78A0}"
EndProject
Project("{8BC9CEB8-8B4A-11D0-8D11-00A0C91BC942}") = "ArrFuncsLibrary", "Урок 15\СР\ArrFuncsLibrary\ArrFuncsLibrary.vcxproj", "{3EBF8FFE-F675-4822-BCDA-FF4D05B95896}"
EndProject
Project("{8BC9CEB8-8B4A-11D0-8D11-00A0C91BC942}") = "Task1", "Урок 15\ДЗ\Task1\Task1.vcxproj", "{B8A7010C-E0FE-426A-BC6E-DA94F3188EDD}"
	ProjectSection(ProjectDependencies) = postProject
		{3EBF8FFE-F675-4822-BCDA-FF4D05B95896} = {3EBF8FFE-F675-4822-BCDA-FF4D05B95896}
	EndProjectSection
EndProject
Project("{8BC9CEB8-8B4A-11D0-8D11-00A0C91BC942}") = "Task2", "Урок 15\ДЗ\Task2\Task2.vcxproj", "{10FE1CFC-8059-4221-B252-AAA3A84218B7}"
EndProject
Project("{8BC9CEB8-8B4A-11D0-8D11-00A0C91BC942}") = "Task3", "Урок 15\ДЗ\Task3\Task3.vcxproj", "{ED9420BA-3614-4AA3-B86D-819C3D881F13}"
EndProject
Project("{8BC9CEB8-8B4A-11D0-8D11-00A0C91BC942}") = "MatrixFuncsLibrary", "Урок 15\ДЗ\MatrixFuncsLibrary\MatrixFuncsLibrary.vcxproj", "{832421D2-7C24-4474-98B8-7026167AC56A}"
EndProject
Project("{8BC9CEB8-8B4A-11D0-8D11-00A0C91BC942}") = "Task4", "Урок 15\ДЗ\Task4\Task4.vcxproj", "{5CDA7B65-3992-4EC7-9DBC-3A68F52DAE86}"
	ProjectSection(ProjectDependencies) = postProject
		{832421D2-7C24-4474-98B8-7026167AC56A} = {832421D2-7C24-4474-98B8-7026167AC56A}
	EndProjectSection
EndProject
Project("{8BC9CEB8-8B4A-11D0-8D11-00A0C91BC942}") = "Task5", "Урок 15\ДЗ\Task5\Task5.vcxproj", "{5FA85402-9AC4-4091-8ADC-98B71F3C9111}"
EndProject
Project("{8BC9CEB8-8B4A-11D0-8D11-00A0C91BC942}") = "Task6", "Урок 15\ДЗ\Task6\Task6.vcxproj", "{B6C0FFA2-03C9-4ABE-8054-93854C0B94B0}"
EndProject
Project("{8BC9CEB8-8B4A-11D0-8D11-00A0C91BC942}") = "Task7", "Урок 15\ДЗ\Task7\Task7.vcxproj", "{85552DED-B3FE-49D7-B342-F6388B26F058}"
EndProject
Project("{2150E333-8FDC-42A3-9474-1A3956D46DE8}") = "Урок 16", "Урок 16", "{DD27D1C3-8BDD-4F1F-AAB9-FAB49741DD6E}"
EndProject
Project("{2150E333-8FDC-42A3-9474-1A3956D46DE8}") = "ДЗ", "ДЗ", "{57DAA123-75BF-4840-9A21-F25DE156A092}"
EndProject
Project("{8BC9CEB8-8B4A-11D0-8D11-00A0C91BC942}") = "Task1", "Урок 16\ДЗ\Task1\Task1.vcxproj", "{476907AD-DDDF-4B24-AE95-B507E866D3DE}"
EndProject
Project("{8BC9CEB8-8B4A-11D0-8D11-00A0C91BC942}") = "Task2", "Урок 16\ДЗ\Task2\Task2.vcxproj", "{A371CD7B-5744-4DD0-B42B-59FE8220C40B}"
EndProject
Project("{8BC9CEB8-8B4A-11D0-8D11-00A0C91BC942}") = "Task3", "Урок 16\ДЗ\Task3\Task3.vcxproj", "{DF271939-8B1B-4999-89A1-0D1DD201C0C3}"
EndProject
Global
	GlobalSection(SolutionConfigurationPlatforms) = preSolution
		Debug|x64 = Debug|x64
		Debug|x86 = Debug|x86
		Release|x64 = Release|x64
		Release|x86 = Release|x86
	EndGlobalSection
	GlobalSection(ProjectConfigurationPlatforms) = postSolution
		{0A6A68D9-5115-4BD5-86B0-766FFF7FCB6F}.Debug|x64.ActiveCfg = Debug|x64
		{0A6A68D9-5115-4BD5-86B0-766FFF7FCB6F}.Debug|x64.Build.0 = Debug|x64
		{0A6A68D9-5115-4BD5-86B0-766FFF7FCB6F}.Debug|x86.ActiveCfg = Debug|Win32
		{0A6A68D9-5115-4BD5-86B0-766FFF7FCB6F}.Debug|x86.Build.0 = Debug|Win32
		{0A6A68D9-5115-4BD5-86B0-766FFF7FCB6F}.Release|x64.ActiveCfg = Release|x64
		{0A6A68D9-5115-4BD5-86B0-766FFF7FCB6F}.Release|x64.Build.0 = Release|x64
		{0A6A68D9-5115-4BD5-86B0-766FFF7FCB6F}.Release|x86.ActiveCfg = Release|Win32
		{0A6A68D9-5115-4BD5-86B0-766FFF7FCB6F}.Release|x86.Build.0 = Release|Win32
		{4C534709-E309-46F4-B5D1-9A9C8DE64356}.Debug|x64.ActiveCfg = Debug|x64
		{4C534709-E309-46F4-B5D1-9A9C8DE64356}.Debug|x64.Build.0 = Debug|x64
		{4C534709-E309-46F4-B5D1-9A9C8DE64356}.Debug|x86.ActiveCfg = Debug|Win32
		{4C534709-E309-46F4-B5D1-9A9C8DE64356}.Debug|x86.Build.0 = Debug|Win32
		{4C534709-E309-46F4-B5D1-9A9C8DE64356}.Release|x64.ActiveCfg = Release|x64
		{4C534709-E309-46F4-B5D1-9A9C8DE64356}.Release|x64.Build.0 = Release|x64
		{4C534709-E309-46F4-B5D1-9A9C8DE64356}.Release|x86.ActiveCfg = Release|Win32
		{4C534709-E309-46F4-B5D1-9A9C8DE64356}.Release|x86.Build.0 = Release|Win32
		{477A86D5-6B5C-4E1F-85B9-8F1EE2893B19}.Debug|x64.ActiveCfg = Debug|x64
		{477A86D5-6B5C-4E1F-85B9-8F1EE2893B19}.Debug|x64.Build.0 = Debug|x64
		{477A86D5-6B5C-4E1F-85B9-8F1EE2893B19}.Debug|x86.ActiveCfg = Debug|Win32
		{477A86D5-6B5C-4E1F-85B9-8F1EE2893B19}.Debug|x86.Build.0 = Debug|Win32
		{477A86D5-6B5C-4E1F-85B9-8F1EE2893B19}.Release|x64.ActiveCfg = Release|x64
		{477A86D5-6B5C-4E1F-85B9-8F1EE2893B19}.Release|x64.Build.0 = Release|x64
		{477A86D5-6B5C-4E1F-85B9-8F1EE2893B19}.Release|x86.ActiveCfg = Release|Win32
		{477A86D5-6B5C-4E1F-85B9-8F1EE2893B19}.Release|x86.Build.0 = Release|Win32
		{8DA7C8F2-982C-4522-8743-4F216BE63B79}.Debug|x64.ActiveCfg = Debug|x64
		{8DA7C8F2-982C-4522-8743-4F216BE63B79}.Debug|x64.Build.0 = Debug|x64
		{8DA7C8F2-982C-4522-8743-4F216BE63B79}.Debug|x86.ActiveCfg = Debug|Win32
		{8DA7C8F2-982C-4522-8743-4F216BE63B79}.Debug|x86.Build.0 = Debug|Win32
		{8DA7C8F2-982C-4522-8743-4F216BE63B79}.Release|x64.ActiveCfg = Release|x64
		{8DA7C8F2-982C-4522-8743-4F216BE63B79}.Release|x64.Build.0 = Release|x64
		{8DA7C8F2-982C-4522-8743-4F216BE63B79}.Release|x86.ActiveCfg = Release|Win32
		{8DA7C8F2-982C-4522-8743-4F216BE63B79}.Release|x86.Build.0 = Release|Win32
		{3EBF8FFE-F675-4822-BCDA-FF4D05B95896}.Debug|x64.ActiveCfg = Debug|x64
		{3EBF8FFE-F675-4822-BCDA-FF4D05B95896}.Debug|x64.Build.0 = Debug|x64
		{3EBF8FFE-F675-4822-BCDA-FF4D05B95896}.Debug|x86.ActiveCfg = Debug|Win32
		{3EBF8FFE-F675-4822-BCDA-FF4D05B95896}.Debug|x86.Build.0 = Debug|Win32
		{3EBF8FFE-F675-4822-BCDA-FF4D05B95896}.Release|x64.ActiveCfg = Release|x64
		{3EBF8FFE-F675-4822-BCDA-FF4D05B95896}.Release|x64.Build.0 = Release|x64
		{3EBF8FFE-F675-4822-BCDA-FF4D05B95896}.Release|x86.ActiveCfg = Release|Win32
		{3EBF8FFE-F675-4822-BCDA-FF4D05B95896}.Release|x86.Build.0 = Release|Win32
		{B8A7010C-E0FE-426A-BC6E-DA94F3188EDD}.Debug|x64.ActiveCfg = Debug|x64
		{B8A7010C-E0FE-426A-BC6E-DA94F3188EDD}.Debug|x64.Build.0 = Debug|x64
		{B8A7010C-E0FE-426A-BC6E-DA94F3188EDD}.Debug|x86.ActiveCfg = Debug|Win32
		{B8A7010C-E0FE-426A-BC6E-DA94F3188EDD}.Debug|x86.Build.0 = Debug|Win32
		{B8A7010C-E0FE-426A-BC6E-DA94F3188EDD}.Release|x64.ActiveCfg = Release|x64
		{B8A7010C-E0FE-426A-BC6E-DA94F3188EDD}.Release|x64.Build.0 = Release|x64
		{B8A7010C-E0FE-426A-BC6E-DA94F3188EDD}.Release|x86.ActiveCfg = Release|Win32
		{B8A7010C-E0FE-426A-BC6E-DA94F3188EDD}.Release|x86.Build.0 = Release|Win32
		{10FE1CFC-8059-4221-B252-AAA3A84218B7}.Debug|x64.ActiveCfg = Debug|x64
		{10FE1CFC-8059-4221-B252-AAA3A84218B7}.Debug|x64.Build.0 = Debug|x64
		{10FE1CFC-8059-4221-B252-AAA3A84218B7}.Debug|x86.ActiveCfg = Debug|Win32
		{10FE1CFC-8059-4221-B252-AAA3A84218B7}.Debug|x86.Build.0 = Debug|Win32
		{10FE1CFC-8059-4221-B252-AAA3A84218B7}.Release|x64.ActiveCfg = Release|x64
		{10FE1CFC-8059-4221-B252-AAA3A84218B7}.Release|x64.Build.0 = Release|x64
		{10FE1CFC-8059-4221-B252-AAA3A84218B7}.Release|x86.ActiveCfg = Release|Win32
		{10FE1CFC-8059-4221-B252-AAA3A84218B7}.Release|x86.Build.0 = Release|Win32
		{ED9420BA-3614-4AA3-B86D-819C3D881F13}.Debug|x64.ActiveCfg = Debug|x64
		{ED9420BA-3614-4AA3-B86D-819C3D881F13}.Debug|x64.Build.0 = Debug|x64
		{ED9420BA-3614-4AA3-B86D-819C3D881F13}.Debug|x86.ActiveCfg = Debug|Win32
		{ED9420BA-3614-4AA3-B86D-819C3D881F13}.Debug|x86.Build.0 = Debug|Win32
		{ED9420BA-3614-4AA3-B86D-819C3D881F13}.Release|x64.ActiveCfg = Release|x64
		{ED9420BA-3614-4AA3-B86D-819C3D881F13}.Release|x64.Build.0 = Release|x64
		{ED9420BA-3614-4AA3-B86D-819C3D881F13}.Release|x86.ActiveCfg = Release|Win32
		{ED9420BA-3614-4AA3-B86D-819C3D881F13}.Release|x86.Build.0 = Release|Win32
		{832421D2-7C24-4474-98B8-7026167AC56A}.Debug|x64.ActiveCfg = Debug|x64
		{832421D2-7C24-4474-98B8-7026167AC56A}.Debug|x64.Build.0 = Debug|x64
		{832421D2-7C24-4474-98B8-7026167AC56A}.Debug|x86.ActiveCfg = Debug|Win32
		{832421D2-7C24-4474-98B8-7026167AC56A}.Debug|x86.Build.0 = Debug|Win32
		{832421D2-7C24-4474-98B8-7026167AC56A}.Release|x64.ActiveCfg = Release|x64
		{832421D2-7C24-4474-98B8-7026167AC56A}.Release|x64.Build.0 = Release|x64
		{832421D2-7C24-4474-98B8-7026167AC56A}.Release|x86.ActiveCfg = Release|Win32
		{832421D2-7C24-4474-98B8-7026167AC56A}.Release|x86.Build.0 = Release|Win32
		{5CDA7B65-3992-4EC7-9DBC-3A68F52DAE86}.Debug|x64.ActiveCfg = Debug|x64
		{5CDA7B65-3992-4EC7-9DBC-3A68F52DAE86}.Debug|x64.Build.0 = Debug|x64
		{5CDA7B65-3992-4EC7-9DBC-3A68F52DAE86}.Debug|x86.ActiveCfg = Debug|Win32
		{5CDA7B65-3992-4EC7-9DBC-3A68F52DAE86}.Debug|x86.Build.0 = Debug|Win32
		{5CDA7B65-3992-4EC7-9DBC-3A68F52DAE86}.Release|x64.ActiveCfg = Release|x64
		{5CDA7B65-3992-4EC7-9DBC-3A68F52DAE86}.Release|x64.Build.0 = Release|x64
		{5CDA7B65-3992-4EC7-9DBC-3A68F52DAE86}.Release|x86.ActiveCfg = Release|Win32
		{5CDA7B65-3992-4EC7-9DBC-3A68F52DAE86}.Release|x86.Build.0 = Release|Win32
		{5FA85402-9AC4-4091-8ADC-98B71F3C9111}.Debug|x64.ActiveCfg = Debug|x64
		{5FA85402-9AC4-4091-8ADC-98B71F3C9111}.Debug|x64.Build.0 = Debug|x64
		{5FA85402-9AC4-4091-8ADC-98B71F3C9111}.Debug|x86.ActiveCfg = Debug|Win32
		{5FA85402-9AC4-4091-8ADC-98B71F3C9111}.Debug|x86.Build.0 = Debug|Win32
		{5FA85402-9AC4-4091-8ADC-98B71F3C9111}.Release|x64.ActiveCfg = Release|x64
		{5FA85402-9AC4-4091-8ADC-98B71F3C9111}.Release|x64.Build.0 = Release|x64
		{5FA85402-9AC4-4091-8ADC-98B71F3C9111}.Release|x86.ActiveCfg = Release|Win32
		{5FA85402-9AC4-4091-8ADC-98B71F3C9111}.Release|x86.Build.0 = Release|Win32
		{B6C0FFA2-03C9-4ABE-8054-93854C0B94B0}.Debug|x64.ActiveCfg = Debug|x64
		{B6C0FFA2-03C9-4ABE-8054-93854C0B94B0}.Debug|x64.Build.0 = Debug|x64
		{B6C0FFA2-03C9-4ABE-8054-93854C0B94B0}.Debug|x86.ActiveCfg = Debug|Win32
		{B6C0FFA2-03C9-4ABE-8054-93854C0B94B0}.Debug|x86.Build.0 = Debug|Win32
		{B6C0FFA2-03C9-4ABE-8054-93854C0B94B0}.Release|x64.ActiveCfg = Release|x64
		{B6C0FFA2-03C9-4ABE-8054-93854C0B94B0}.Release|x64.Build.0 = Release|x64
		{B6C0FFA2-03C9-4ABE-8054-93854C0B94B0}.Release|x86.ActiveCfg = Release|Win32
		{B6C0FFA2-03C9-4ABE-8054-93854C0B94B0}.Release|x86.Build.0 = Release|Win32
		{85552DED-B3FE-49D7-B342-F6388B26F058}.Debug|x64.ActiveCfg = Debug|x64
		{85552DED-B3FE-49D7-B342-F6388B26F058}.Debug|x64.Build.0 = Debug|x64
		{85552DED-B3FE-49D7-B342-F6388B26F058}.Debug|x86.ActiveCfg = Debug|Win32
		{85552DED-B3FE-49D7-B342-F6388B26F058}.Debug|x86.Build.0 = Debug|Win32
		{85552DED-B3FE-49D7-B342-F6388B26F058}.Release|x64.ActiveCfg = Release|x64
		{85552DED-B3FE-49D7-B342-F6388B26F058}.Release|x64.Build.0 = Release|x64
		{85552DED-B3FE-49D7-B342-F6388B26F058}.Release|x86.ActiveCfg = Release|Win32
		{85552DED-B3FE-49D7-B342-F6388B26F058}.Release|x86.Build.0 = Release|Win32
		{476907AD-DDDF-4B24-AE95-B507E866D3DE}.Debug|x64.ActiveCfg = Debug|x64
		{476907AD-DDDF-4B24-AE95-B507E866D3DE}.Debug|x64.Build.0 = Debug|x64
		{476907AD-DDDF-4B24-AE95-B507E866D3DE}.Debug|x86.ActiveCfg = Debug|Win32
		{476907AD-DDDF-4B24-AE95-B507E866D3DE}.Debug|x86.Build.0 = Debug|Win32
		{476907AD-DDDF-4B24-AE95-B507E866D3DE}.Release|x64.ActiveCfg = Release|x64
		{476907AD-DDDF-4B24-AE95-B507E866D3DE}.Release|x64.Build.0 = Release|x64
		{476907AD-DDDF-4B24-AE95-B507E866D3DE}.Release|x86.ActiveCfg = Release|Win32
		{476907AD-DDDF-4B24-AE95-B507E866D3DE}.Release|x86.Build.0 = Release|Win32
		{A371CD7B-5744-4DD0-B42B-59FE8220C40B}.Debug|x64.ActiveCfg = Debug|x64
		{A371CD7B-5744-4DD0-B42B-59FE8220C40B}.Debug|x64.Build.0 = Debug|x64
		{A371CD7B-5744-4DD0-B42B-59FE8220C40B}.Debug|x86.ActiveCfg = Debug|Win32
		{A371CD7B-5744-4DD0-B42B-59FE8220C40B}.Debug|x86.Build.0 = Debug|Win32
		{A371CD7B-5744-4DD0-B42B-59FE8220C40B}.Release|x64.ActiveCfg = Release|x64
		{A371CD7B-5744-4DD0-B42B-59FE8220C40B}.Release|x64.Build.0 = Release|x64
		{A371CD7B-5744-4DD0-B42B-59FE8220C40B}.Release|x86.ActiveCfg = Release|Win32
		{A371CD7B-5744-4DD0-B42B-59FE8220C40B}.Release|x86.Build.0 = Release|Win32
		{DF271939-8B1B-4999-89A1-0D1DD201C0C3}.Debug|x64.ActiveCfg = Debug|x64
		{DF271939-8B1B-4999-89A1-0D1DD201C0C3}.Debug|x64.Build.0 = Debug|x64
		{DF271939-8B1B-4999-89A1-0D1DD201C0C3}.Debug|x86.ActiveCfg = Debug|Win32
		{DF271939-8B1B-4999-89A1-0D1DD201C0C3}.Debug|x86.Build.0 = Debug|Win32
		{DF271939-8B1B-4999-89A1-0D1DD201C0C3}.Release|x64.ActiveCfg = Release|x64
		{DF271939-8B1B-4999-89A1-0D1DD201C0C3}.Release|x64.Build.0 = Release|x64
		{DF271939-8B1B-4999-89A1-0D1DD201C0C3}.Release|x86.ActiveCfg = Release|Win32
		{DF271939-8B1B-4999-89A1-0D1DD201C0C3}.Release|x86.Build.0 = Release|Win32
	EndGlobalSection
	GlobalSection(SolutionProperties) = preSolution
		HideSolutionNode = FALSE
	EndGlobalSection
	GlobalSection(NestedProjects) = preSolution
		{2257D2EE-957F-41BD-8AC0-E8B1811DFE80} = {374A4BD8-C38B-4463-9EA1-24CDAFDCC649}
		{4A4BF8B7-39BD-4973-9C75-05A13434A101} = {374A4BD8-C38B-4463-9EA1-24CDAFDCC649}
		{0A6A68D9-5115-4BD5-86B0-766FFF7FCB6F} = {4A4BF8B7-39BD-4973-9C75-05A13434A101}
		{4C534709-E309-46F4-B5D1-9A9C8DE64356} = {4A4BF8B7-39BD-4973-9C75-05A13434A101}
		{477A86D5-6B5C-4E1F-85B9-8F1EE2893B19} = {4A4BF8B7-39BD-4973-9C75-05A13434A101}
		{8DA7C8F2-982C-4522-8743-4F216BE63B79} = {4A4BF8B7-39BD-4973-9C75-05A13434A101}
		{3EBF8FFE-F675-4822-BCDA-FF4D05B95896} = {2F60FFE0-A9CC-433C-8805-54E7D32F78A0}
		{B8A7010C-E0FE-426A-BC6E-DA94F3188EDD} = {2257D2EE-957F-41BD-8AC0-E8B1811DFE80}
		{10FE1CFC-8059-4221-B252-AAA3A84218B7} = {2257D2EE-957F-41BD-8AC0-E8B1811DFE80}
		{ED9420BA-3614-4AA3-B86D-819C3D881F13} = {2257D2EE-957F-41BD-8AC0-E8B1811DFE80}
		{832421D2-7C24-4474-98B8-7026167AC56A} = {2F60FFE0-A9CC-433C-8805-54E7D32F78A0}
		{5CDA7B65-3992-4EC7-9DBC-3A68F52DAE86} = {2257D2EE-957F-41BD-8AC0-E8B1811DFE80}
		{5FA85402-9AC4-4091-8ADC-98B71F3C9111} = {2257D2EE-957F-41BD-8AC0-E8B1811DFE80}
		{B6C0FFA2-03C9-4ABE-8054-93854C0B94B0} = {2257D2EE-957F-41BD-8AC0-E8B1811DFE80}
		{85552DED-B3FE-49D7-B342-F6388B26F058} = {2257D2EE-957F-41BD-8AC0-E8B1811DFE80}
		{57DAA123-75BF-4840-9A21-F25DE156A092} = {DD27D1C3-8BDD-4F1F-AAB9-FAB49741DD6E}
		{476907AD-DDDF-4B24-AE95-B507E866D3DE} = {57DAA123-75BF-4840-9A21-F25DE156A092}
		{A371CD7B-5744-4DD0-B42B-59FE8220C40B} = {57DAA123-75BF-4840-9A21-F25DE156A092}
		{DF271939-8B1B-4999-89A1-0D1DD201C0C3} = {57DAA123-75BF-4840-9A21-F25DE156A092}
	EndGlobalSection
	GlobalSection(ExtensibilityGlobals) = postSolution
		SolutionGuid = {3FEEF4AF-12E8-4843-9E4F-4D2403EBEF9A}
	EndGlobalSection
EndGlobal
