
Microsoft Visual Studio Solution File, Format Version 12.00
# Visual Studio Version 17
VisualStudioVersion = 17.3.32825.248
MinimumVisualStudioVersion = 10.0.40219.1
Project("{2150E333-8FDC-42A3-9474-1A3956D46DE8}") = "Урок 15", "Урок 15", "{374A4BD8-C38B-4463-9EA1-24CDAFDCC649}"
EndProject
Project("{2150E333-8FDC-42A3-9474-1A3956D46DE8}") = "ДЗ", "ДЗ", "{2257D2EE-957F-41BD-8AC0-E8B1811DFE80}"
EndProject
Project("{2150E333-8FDC-42A3-9474-1A3956D46DE8}") = "СР", "СР", "{4A4BF8B7-39BD-4973-9C75-05A13434A101}"
EndProject
Project("{8BC9CEB8-8B4A-11D0-8D11-00A0C91BC942}") = "Task1", "Урок 15\СР\Task1\Task1.vcxproj", "{0A6A68D9-5115-4BD5-86B0-766FFF7FCB6F}"
EndProject
Project("{8BC9CEB8-8B4A-11D0-8D11-00A0C91BC942}") = "Task2", "Урок 15\СР\Task2\Task2.vcxproj", "{4C534709-E309-46F4-B5D1-9A9C8DE64356}"
EndProject
Project("{8BC9CEB8-8B4A-11D0-8D11-00A0C91BC942}") = "Task3", "Урок 15\СР\Task3\Task3.vcxproj", "{477A86D5-6B5C-4E1F-85B9-8F1EE2893B19}"
EndProject
Project("{8BC9CEB8-8B4A-11D0-8D11-00A0C91BC942}") = "Task4", "Урок 15\СР\Task4\Task4.vcxproj", "{8DA7C8F2-982C-4522-8743-4F216BE63B79}"
EndProject
Global
	GlobalSection(SolutionConfigurationPlatforms) = preSolution
		Debug|x64 = Debug|x64
		Debug|x86 = Debug|x86
		Release|x64 = Release|x64
		Release|x86 = Release|x86
	EndGlobalSection
	GlobalSection(ProjectConfigurationPlatforms) = postSolution
		{0A6A68D9-5115-4BD5-86B0-766FFF7FCB6F}.Debug|x64.ActiveCfg = Debug|x64
		{0A6A68D9-5115-4BD5-86B0-766FFF7FCB6F}.Debug|x64.Build.0 = Debug|x64
		{0A6A68D9-5115-4BD5-86B0-766FFF7FCB6F}.Debug|x86.ActiveCfg = Debug|Win32
		{0A6A68D9-5115-4BD5-86B0-766FFF7FCB6F}.Debug|x86.Build.0 = Debug|Win32
		{0A6A68D9-5115-4BD5-86B0-766FFF7FCB6F}.Release|x64.ActiveCfg = Release|x64
		{0A6A68D9-5115-4BD5-86B0-766FFF7FCB6F}.Release|x64.Build.0 = Release|x64
		{0A6A68D9-5115-4BD5-86B0-766FFF7FCB6F}.Release|x86.ActiveCfg = Release|Win32
		{0A6A68D9-5115-4BD5-86B0-766FFF7FCB6F}.Release|x86.Build.0 = Release|Win32
		{4C534709-E309-46F4-B5D1-9A9C8DE64356}.Debug|x64.ActiveCfg = Debug|x64
		{4C534709-E309-46F4-B5D1-9A9C8DE64356}.Debug|x64.Build.0 = Debug|x64
		{4C534709-E309-46F4-B5D1-9A9C8DE64356}.Debug|x86.ActiveCfg = Debug|Win32
		{4C534709-E309-46F4-B5D1-9A9C8DE64356}.Debug|x86.Build.0 = Debug|Win32
		{4C534709-E309-46F4-B5D1-9A9C8DE64356}.Release|x64.ActiveCfg = Release|x64
		{4C534709-E309-46F4-B5D1-9A9C8DE64356}.Release|x64.Build.0 = Release|x64
		{4C534709-E309-46F4-B5D1-9A9C8DE64356}.Release|x86.ActiveCfg = Release|Win32
		{4C534709-E309-46F4-B5D1-9A9C8DE64356}.Release|x86.Build.0 = Release|Win32
		{477A86D5-6B5C-4E1F-85B9-8F1EE2893B19}.Debug|x64.ActiveCfg = Debug|x64
		{477A86D5-6B5C-4E1F-85B9-8F1EE2893B19}.Debug|x64.Build.0 = Debug|x64
		{477A86D5-6B5C-4E1F-85B9-8F1EE2893B19}.Debug|x86.ActiveCfg = Debug|Win32
		{477A86D5-6B5C-4E1F-85B9-8F1EE2893B19}.Debug|x86.Build.0 = Debug|Win32
		{477A86D5-6B5C-4E1F-85B9-8F1EE2893B19}.Release|x64.ActiveCfg = Release|x64
		{477A86D5-6B5C-4E1F-85B9-8F1EE2893B19}.Release|x64.Build.0 = Release|x64
		{477A86D5-6B5C-4E1F-85B9-8F1EE2893B19}.Release|x86.ActiveCfg = Release|Win32
		{477A86D5-6B5C-4E1F-85B9-8F1EE2893B19}.Release|x86.Build.0 = Release|Win32
		{8DA7C8F2-982C-4522-8743-4F216BE63B79}.Debug|x64.ActiveCfg = Debug|x64
		{8DA7C8F2-982C-4522-8743-4F216BE63B79}.Debug|x64.Build.0 = Debug|x64
		{8DA7C8F2-982C-4522-8743-4F216BE63B79}.Debug|x86.ActiveCfg = Debug|Win32
		{8DA7C8F2-982C-4522-8743-4F216BE63B79}.Debug|x86.Build.0 = Debug|Win32
		{8DA7C8F2-982C-4522-8743-4F216BE63B79}.Release|x64.ActiveCfg = Release|x64
		{8DA7C8F2-982C-4522-8743-4F216BE63B79}.Release|x64.Build.0 = Release|x64
		{8DA7C8F2-982C-4522-8743-4F216BE63B79}.Release|x86.ActiveCfg = Release|Win32
		{8DA7C8F2-982C-4522-8743-4F216BE63B79}.Release|x86.Build.0 = Release|Win32
	EndGlobalSection
	GlobalSection(SolutionProperties) = preSolution
		HideSolutionNode = FALSE
	EndGlobalSection
	GlobalSection(NestedProjects) = preSolution
		{2257D2EE-957F-41BD-8AC0-E8B1811DFE80} = {374A4BD8-C38B-4463-9EA1-24CDAFDCC649}
		{4A4BF8B7-39BD-4973-9C75-05A13434A101} = {374A4BD8-C38B-4463-9EA1-24CDAFDCC649}
		{0A6A68D9-5115-4BD5-86B0-766FFF7FCB6F} = {4A4BF8B7-39BD-4973-9C75-05A13434A101}
		{4C534709-E309-46F4-B5D1-9A9C8DE64356} = {4A4BF8B7-39BD-4973-9C75-05A13434A101}
		{477A86D5-6B5C-4E1F-85B9-8F1EE2893B19} = {4A4BF8B7-39BD-4973-9C75-05A13434A101}
		{8DA7C8F2-982C-4522-8743-4F216BE63B79} = {4A4BF8B7-39BD-4973-9C75-05A13434A101}
	EndGlobalSection
	GlobalSection(ExtensibilityGlobals) = postSolution
		SolutionGuid = {3FEEF4AF-12E8-4843-9E4F-4D2403EBEF9A}
	EndGlobalSection
EndGlobal
